
Microsoft Visual Studio Solution File, Format Version 12.00
# Visual Studio Version 16
VisualStudioVersion = 16.0.30014.187
MinimumVisualStudioVersion = 10.0.40219.1
Project("{9A19103F-16F7-4668-BE54-9A1E7A4F7556}") = "LupusaBlazorDemos", "LupusaBlazorDemos\LupusaBlazorDemos.csproj", "{46C8DA10-0A29-4D96-AA1A-BB2B156C8735}"
EndProject
Project("{9A19103F-16F7-4668-BE54-9A1E7A4F7556}") = "BlazorWindowHelper", "..\BlazorWindowHelper\BlazorWindowHelper.csproj", "{CA1C4D21-D018-4974-9589-5B47E312370F}"
EndProject
Project("{9A19103F-16F7-4668-BE54-9A1E7A4F7556}") = "BlazorWebSocketHelper", "..\BlazorWebSocketHelper\BlazorWebSocketHelper.csproj", "{3EB6EFBD-2817-4A05-9312-D84FBE396883}"
EndProject
Project("{9A19103F-16F7-4668-BE54-9A1E7A4F7556}") = "BlazorSharedWebWorkerWebSocketHelper", "..\BlazorSharedWebWorkerWebSocketHelper\BlazorSharedWebWorkerWebSocketHelper.csproj", "{04B60676-0FCE-424D-A486-1E97C8FC0443}"
EndProject
Project("{9A19103F-16F7-4668-BE54-9A1E7A4F7556}") = "BlazorWebWorkerHelper", "..\BlazorWebWorkerHelper\BlazorWebWorkerHelper.csproj", "{2CEDCC55-195A-4F37-AF6F-B7874A22BC34}"
EndProject
Project("{9A19103F-16F7-4668-BE54-9A1E7A4F7556}") = "BlazorCounterHelper", "BlazorCounterHelper\BlazorCounterHelper.csproj", "{E33F31FE-926D-4F80-ACCC-7DEA2054CD38}"
EndProject
Project("{9A19103F-16F7-4668-BE54-9A1E7A4F7556}") = "BlazorClockSvgComponent", "BlazorClockSvgComponent\BlazorClockSvgComponent.csproj", "{66889D92-14D4-4DDC-B98A-6B5EE75C731E}"
EndProject
Project("{9A19103F-16F7-4668-BE54-9A1E7A4F7556}") = "BlazorSvgHelper", "..\BlazorSvgHelper\BlazorSvgHelper\BlazorSvgHelper.csproj", "{2FF0290F-DC55-434B-85D0-949DC511548B}"
EndProject
Project("{9A19103F-16F7-4668-BE54-9A1E7A4F7556}") = "BlazorClockCanvasComponent", "BlazorClockCanvasComponent\BlazorClockCanvasComponent.csproj", "{C54F882B-B706-4A32-A302-3FC6A24AE196}"
EndProject
Project("{9A19103F-16F7-4668-BE54-9A1E7A4F7556}") = "BlazorChessComponent", "BlazorChessComponent\BlazorChessComponent.csproj", "{DC80A998-2E7B-4EF1-BD6E-860324041C2C}"
EndProject
Project("{9A19103F-16F7-4668-BE54-9A1E7A4F7556}") = "BlazorGameSnakeComponent", "BlazorGameSnakeComponent\BlazorGameSnakeComponent.csproj", "{0B745A2A-E854-4B6E-93F8-DC0B1DC16BF5}"
EndProject
Project("{9A19103F-16F7-4668-BE54-9A1E7A4F7556}") = "BlazorCalculatorComponent", "BlazorCalculatorComponent\BlazorCalculatorComponent.csproj", "{C575385E-4E16-4825-8C12-AC10EA9B95E8}"
EndProject
Project("{9A19103F-16F7-4668-BE54-9A1E7A4F7556}") = "BlazorPaintComponent", "BlazorPaintComponent\BlazorPaintComponent.csproj", "{88BD7448-D6AA-4C27-BEA2-0B0DEE09D22B}"
EndProject
Project("{9A19103F-16F7-4668-BE54-9A1E7A4F7556}") = "BlazorDoughnutChartComponent", "BlazorDoughnutChartComponent\BlazorDoughnutChartComponent.csproj", "{03A71CFA-6CB2-414C-8D18-34BB3731E8A3}"
EndProject
Project("{9A19103F-16F7-4668-BE54-9A1E7A4F7556}") = "BlazorLoanCalculatorComponent", "BlazorLoanCalculatorComponent\BlazorLoanCalculatorComponent.csproj", "{5B68FA64-3864-4263-8030-DD97F2627F4D}"
EndProject
Project("{9A19103F-16F7-4668-BE54-9A1E7A4F7556}") = "BlazorSpreadsheetComponent", "BlazorSpreadsheetComponent\BlazorSpreadsheetComponent.csproj", "{0DFCBFC2-4D39-4C3C-835C-870BA691D4B0}"
EndProject
Project("{9A19103F-16F7-4668-BE54-9A1E7A4F7556}") = "BlazorPasswordPatternComponent", "BlazorPasswordPatternComponent\BlazorPasswordPatternComponent.csproj", "{F8D0845A-F6FD-4D69-8C10-831F7E288429}"
EndProject
Project("{9A19103F-16F7-4668-BE54-9A1E7A4F7556}") = "BlazorTreeVisualizerComponent", "BlazorTreeVisualizerComponent\BlazorTreeVisualizerComponent.csproj", "{A0C807D2-5DCB-4E7F-9827-07C5BA311E04}"
EndProject
Project("{9A19103F-16F7-4668-BE54-9A1E7A4F7556}") = "BlazorPerformanceChartComponent", "BlazorPerformanceChartComponent\BlazorPerformanceChartComponent.csproj", "{08A3A334-52EB-4640-8CCA-4C44D032D53D}"
EndProject
Project("{9A19103F-16F7-4668-BE54-9A1E7A4F7556}") = "BlazorSplitterComponent", "..\BlazorSplitter\BlazorSplitterComponent\BlazorSplitterComponent.csproj", "{60A44F2E-614C-4723-BCB6-14477C603901}"
EndProject
Project("{9A19103F-16F7-4668-BE54-9A1E7A4F7556}") = "BlazorScrollbarComponent", "..\BlazorScrollbar\BlazorScrollbarComponent\BlazorScrollbarComponent.csproj", "{EE696109-FF87-4E48-A135-B7A0F5F00893}"
EndProject
Project("{9A19103F-16F7-4668-BE54-9A1E7A4F7556}") = "BlazorVirtualGridComponent", "..\BlazorVirtualGrid\BlazorVirtualGridComponent\BlazorVirtualGridComponent.csproj", "{8763522D-ABAE-463D-9E60-6DC540F645BB}"
EndProject
Project("{9A19103F-16F7-4668-BE54-9A1E7A4F7556}") = "BlazorJsFastDataExchanger", "..\BlazorJsFastDataExchanger\BlazorJsFastDataExchanger\BlazorJsFastDataExchanger.csproj", "{887E3A2F-7A50-4006-93F3-482502E8C4B1}"
EndProject
Global
	GlobalSection(SolutionConfigurationPlatforms) = preSolution
		Debug|Any CPU = Debug|Any CPU
		Release|Any CPU = Release|Any CPU
	EndGlobalSection
	GlobalSection(ProjectConfigurationPlatforms) = postSolution
		{46C8DA10-0A29-4D96-AA1A-BB2B156C8735}.Debug|Any CPU.ActiveCfg = Debug|Any CPU
		{46C8DA10-0A29-4D96-AA1A-BB2B156C8735}.Debug|Any CPU.Build.0 = Debug|Any CPU
		{46C8DA10-0A29-4D96-AA1A-BB2B156C8735}.Release|Any CPU.ActiveCfg = Release|Any CPU
		{46C8DA10-0A29-4D96-AA1A-BB2B156C8735}.Release|Any CPU.Build.0 = Release|Any CPU
		{CA1C4D21-D018-4974-9589-5B47E312370F}.Debug|Any CPU.ActiveCfg = Debug|Any CPU
		{CA1C4D21-D018-4974-9589-5B47E312370F}.Debug|Any CPU.Build.0 = Debug|Any CPU
		{CA1C4D21-D018-4974-9589-5B47E312370F}.Release|Any CPU.ActiveCfg = Release|Any CPU
		{CA1C4D21-D018-4974-9589-5B47E312370F}.Release|Any CPU.Build.0 = Release|Any CPU
		{3EB6EFBD-2817-4A05-9312-D84FBE396883}.Debug|Any CPU.ActiveCfg = Debug|Any CPU
		{3EB6EFBD-2817-4A05-9312-D84FBE396883}.Debug|Any CPU.Build.0 = Debug|Any CPU
		{3EB6EFBD-2817-4A05-9312-D84FBE396883}.Release|Any CPU.ActiveCfg = Release|Any CPU
		{3EB6EFBD-2817-4A05-9312-D84FBE396883}.Release|Any CPU.Build.0 = Release|Any CPU
		{04B60676-0FCE-424D-A486-1E97C8FC0443}.Debug|Any CPU.ActiveCfg = Debug|Any CPU
		{04B60676-0FCE-424D-A486-1E97C8FC0443}.Debug|Any CPU.Build.0 = Debug|Any CPU
		{04B60676-0FCE-424D-A486-1E97C8FC0443}.Release|Any CPU.ActiveCfg = Release|Any CPU
		{04B60676-0FCE-424D-A486-1E97C8FC0443}.Release|Any CPU.Build.0 = Release|Any CPU
		{2CEDCC55-195A-4F37-AF6F-B7874A22BC34}.Debug|Any CPU.ActiveCfg = Debug|Any CPU
		{2CEDCC55-195A-4F37-AF6F-B7874A22BC34}.Debug|Any CPU.Build.0 = Debug|Any CPU
		{2CEDCC55-195A-4F37-AF6F-B7874A22BC34}.Release|Any CPU.ActiveCfg = Release|Any CPU
		{2CEDCC55-195A-4F37-AF6F-B7874A22BC34}.Release|Any CPU.Build.0 = Release|Any CPU
		{E33F31FE-926D-4F80-ACCC-7DEA2054CD38}.Debug|Any CPU.ActiveCfg = Debug|Any CPU
		{E33F31FE-926D-4F80-ACCC-7DEA2054CD38}.Debug|Any CPU.Build.0 = Debug|Any CPU
		{E33F31FE-926D-4F80-ACCC-7DEA2054CD38}.Release|Any CPU.ActiveCfg = Release|Any CPU
		{E33F31FE-926D-4F80-ACCC-7DEA2054CD38}.Release|Any CPU.Build.0 = Release|Any CPU
		{66889D92-14D4-4DDC-B98A-6B5EE75C731E}.Debug|Any CPU.ActiveCfg = Debug|Any CPU
		{66889D92-14D4-4DDC-B98A-6B5EE75C731E}.Debug|Any CPU.Build.0 = Debug|Any CPU
		{66889D92-14D4-4DDC-B98A-6B5EE75C731E}.Release|Any CPU.ActiveCfg = Release|Any CPU
		{66889D92-14D4-4DDC-B98A-6B5EE75C731E}.Release|Any CPU.Build.0 = Release|Any CPU
		{2FF0290F-DC55-434B-85D0-949DC511548B}.Debug|Any CPU.ActiveCfg = Debug|Any CPU
		{2FF0290F-DC55-434B-85D0-949DC511548B}.Debug|Any CPU.Build.0 = Debug|Any CPU
		{2FF0290F-DC55-434B-85D0-949DC511548B}.Release|Any CPU.ActiveCfg = Release|Any CPU
		{2FF0290F-DC55-434B-85D0-949DC511548B}.Release|Any CPU.Build.0 = Release|Any CPU
		{C54F882B-B706-4A32-A302-3FC6A24AE196}.Debug|Any CPU.ActiveCfg = Debug|Any CPU
		{C54F882B-B706-4A32-A302-3FC6A24AE196}.Debug|Any CPU.Build.0 = Debug|Any CPU
		{C54F882B-B706-4A32-A302-3FC6A24AE196}.Release|Any CPU.ActiveCfg = Release|Any CPU
		{C54F882B-B706-4A32-A302-3FC6A24AE196}.Release|Any CPU.Build.0 = Release|Any CPU
		{DC80A998-2E7B-4EF1-BD6E-860324041C2C}.Debug|Any CPU.ActiveCfg = Debug|Any CPU
		{DC80A998-2E7B-4EF1-BD6E-860324041C2C}.Debug|Any CPU.Build.0 = Debug|Any CPU
		{DC80A998-2E7B-4EF1-BD6E-860324041C2C}.Release|Any CPU.ActiveCfg = Release|Any CPU
		{DC80A998-2E7B-4EF1-BD6E-860324041C2C}.Release|Any CPU.Build.0 = Release|Any CPU
		{0B745A2A-E854-4B6E-93F8-DC0B1DC16BF5}.Debug|Any CPU.ActiveCfg = Debug|Any CPU
		{0B745A2A-E854-4B6E-93F8-DC0B1DC16BF5}.Debug|Any CPU.Build.0 = Debug|Any CPU
		{0B745A2A-E854-4B6E-93F8-DC0B1DC16BF5}.Release|Any CPU.ActiveCfg = Release|Any CPU
		{0B745A2A-E854-4B6E-93F8-DC0B1DC16BF5}.Release|Any CPU.Build.0 = Release|Any CPU
		{C575385E-4E16-4825-8C12-AC10EA9B95E8}.Debug|Any CPU.ActiveCfg = Debug|Any CPU
		{C575385E-4E16-4825-8C12-AC10EA9B95E8}.Debug|Any CPU.Build.0 = Debug|Any CPU
		{C575385E-4E16-4825-8C12-AC10EA9B95E8}.Release|Any CPU.ActiveCfg = Release|Any CPU
		{C575385E-4E16-4825-8C12-AC10EA9B95E8}.Release|Any CPU.Build.0 = Release|Any CPU
		{88BD7448-D6AA-4C27-BEA2-0B0DEE09D22B}.Debug|Any CPU.ActiveCfg = Debug|Any CPU
		{88BD7448-D6AA-4C27-BEA2-0B0DEE09D22B}.Debug|Any CPU.Build.0 = Debug|Any CPU
		{88BD7448-D6AA-4C27-BEA2-0B0DEE09D22B}.Release|Any CPU.ActiveCfg = Release|Any CPU
		{88BD7448-D6AA-4C27-BEA2-0B0DEE09D22B}.Release|Any CPU.Build.0 = Release|Any CPU
		{03A71CFA-6CB2-414C-8D18-34BB3731E8A3}.Debug|Any CPU.ActiveCfg = Debug|Any CPU
		{03A71CFA-6CB2-414C-8D18-34BB3731E8A3}.Debug|Any CPU.Build.0 = Debug|Any CPU
		{03A71CFA-6CB2-414C-8D18-34BB3731E8A3}.Release|Any CPU.ActiveCfg = Release|Any CPU
		{03A71CFA-6CB2-414C-8D18-34BB3731E8A3}.Release|Any CPU.Build.0 = Release|Any CPU
		{5B68FA64-3864-4263-8030-DD97F2627F4D}.Debug|Any CPU.ActiveCfg = Debug|Any CPU
		{5B68FA64-3864-4263-8030-DD97F2627F4D}.Debug|Any CPU.Build.0 = Debug|Any CPU
		{5B68FA64-3864-4263-8030-DD97F2627F4D}.Release|Any CPU.ActiveCfg = Release|Any CPU
		{5B68FA64-3864-4263-8030-DD97F2627F4D}.Release|Any CPU.Build.0 = Release|Any CPU
		{0DFCBFC2-4D39-4C3C-835C-870BA691D4B0}.Debug|Any CPU.ActiveCfg = Debug|Any CPU
		{0DFCBFC2-4D39-4C3C-835C-870BA691D4B0}.Debug|Any CPU.Build.0 = Debug|Any CPU
		{0DFCBFC2-4D39-4C3C-835C-870BA691D4B0}.Release|Any CPU.ActiveCfg = Release|Any CPU
		{0DFCBFC2-4D39-4C3C-835C-870BA691D4B0}.Release|Any CPU.Build.0 = Release|Any CPU
		{F8D0845A-F6FD-4D69-8C10-831F7E288429}.Debug|Any CPU.ActiveCfg = Debug|Any CPU
		{F8D0845A-F6FD-4D69-8C10-831F7E288429}.Debug|Any CPU.Build.0 = Debug|Any CPU
		{F8D0845A-F6FD-4D69-8C10-831F7E288429}.Release|Any CPU.ActiveCfg = Release|Any CPU
		{F8D0845A-F6FD-4D69-8C10-831F7E288429}.Release|Any CPU.Build.0 = Release|Any CPU
		{A0C807D2-5DCB-4E7F-9827-07C5BA311E04}.Debug|Any CPU.ActiveCfg = Debug|Any CPU
		{A0C807D2-5DCB-4E7F-9827-07C5BA311E04}.Debug|Any CPU.Build.0 = Debug|Any CPU
		{A0C807D2-5DCB-4E7F-9827-07C5BA311E04}.Release|Any CPU.ActiveCfg = Release|Any CPU
		{A0C807D2-5DCB-4E7F-9827-07C5BA311E04}.Release|Any CPU.Build.0 = Release|Any CPU
		{08A3A334-52EB-4640-8CCA-4C44D032D53D}.Debug|Any CPU.ActiveCfg = Debug|Any CPU
		{08A3A334-52EB-4640-8CCA-4C44D032D53D}.Debug|Any CPU.Build.0 = Debug|Any CPU
		{08A3A334-52EB-4640-8CCA-4C44D032D53D}.Release|Any CPU.ActiveCfg = Release|Any CPU
		{08A3A334-52EB-4640-8CCA-4C44D032D53D}.Release|Any CPU.Build.0 = Release|Any CPU
		{60A44F2E-614C-4723-BCB6-14477C603901}.Debug|Any CPU.ActiveCfg = Debug|Any CPU
		{60A44F2E-614C-4723-BCB6-14477C603901}.Debug|Any CPU.Build.0 = Debug|Any CPU
		{60A44F2E-614C-4723-BCB6-14477C603901}.Release|Any CPU.ActiveCfg = Release|Any CPU
		{60A44F2E-614C-4723-BCB6-14477C603901}.Release|Any CPU.Build.0 = Release|Any CPU
		{EE696109-FF87-4E48-A135-B7A0F5F00893}.Debug|Any CPU.ActiveCfg = Debug|Any CPU
		{EE696109-FF87-4E48-A135-B7A0F5F00893}.Debug|Any CPU.Build.0 = Debug|Any CPU
		{EE696109-FF87-4E48-A135-B7A0F5F00893}.Release|Any CPU.ActiveCfg = Release|Any CPU
		{EE696109-FF87-4E48-A135-B7A0F5F00893}.Release|Any CPU.Build.0 = Release|Any CPU
		{8763522D-ABAE-463D-9E60-6DC540F645BB}.Debug|Any CPU.ActiveCfg = Debug|Any CPU
		{8763522D-ABAE-463D-9E60-6DC540F645BB}.Debug|Any CPU.Build.0 = Debug|Any CPU
		{8763522D-ABAE-463D-9E60-6DC540F645BB}.Release|Any CPU.ActiveCfg = Release|Any CPU
		{8763522D-ABAE-463D-9E60-6DC540F645BB}.Release|Any CPU.Build.0 = Release|Any CPU
		{887E3A2F-7A50-4006-93F3-482502E8C4B1}.Debug|Any CPU.ActiveCfg = Debug|Any CPU
		{887E3A2F-7A50-4006-93F3-482502E8C4B1}.Debug|Any CPU.Build.0 = Debug|Any CPU
		{887E3A2F-7A50-4006-93F3-482502E8C4B1}.Release|Any CPU.ActiveCfg = Release|Any CPU
		{887E3A2F-7A50-4006-93F3-482502E8C4B1}.Release|Any CPU.Build.0 = Release|Any CPU
	EndGlobalSection
	GlobalSection(SolutionProperties) = preSolution
		HideSolutionNode = FALSE
	EndGlobalSection
	GlobalSection(ExtensibilityGlobals) = postSolution
		SolutionGuid = {C6EA3BAE-5BF0-4040-93C2-7212A9250D89}
	EndGlobalSection
EndGlobal
